lockfile_version: '1'
generated_at: '2026-04-17T15:11:38.703289+00:00'
apm_version: 0.8.11
dependencies:
- repo_url: anthropics/skills
  host: github.com
  resolved_commit: 2c7ec5e78b8e5d43ea02e90bb8826f6b9f147b0c
  virtual_path: skills/skill-creator
  is_virtual: true
  package_type: claude_skill
  deployed_files:
  - .claude/skills/skill-creator
  content_hash: sha256:ad480cdd4a4b5886cb7d35c2055d4b9005babe15d80ace54d90f4259f3bf3257
- repo_url: hayamiz/hayamiz-agentkit
  host: github.com
  resolved_commit: c49c95c596b2ea2fbaf644aca38ff23b1648679d
  virtual_path: skills/commit-all
  is_virtual: true
  package_type: claude_skill
  deployed_files:
  - .claude/skills/commit-all
  content_hash: sha256:1941be2793e07bf60889bd30f259bf9dc32188e0762e21b99acd302671bd620b
- repo_url: hayamiz/hayamiz-agentkit
  host: github.com
  resolved_commit: c49c95c596b2ea2fbaf644aca38ff23b1648679d
  virtual_path: skills/commit-session
  is_virtual: true
  package_type: claude_skill
  deployed_files:
  - .claude/skills/commit-session
  content_hash: sha256:3dae5297352c41e7266c5ea3965856f67d14c1a9b9499b548d34012783591a19
- repo_url: hayamiz/hayamiz-agentkit
  host: github.com
  resolved_commit: c49c95c596b2ea2fbaf644aca38ff23b1648679d
  virtual_path: gardener
  is_virtual: true
  package_type: claude_skill
  deployed_files:
  - .claude/skills/gardener
  content_hash: sha256:80b9fca4d781a8f3ded7056f446ef4a565a202cf3b5a3993b1158863fb0f3280
